
Microsoft Visual Studio Solution File, Format Version 12.00
Project("{FAE04EC0-301F-11D3-BF4B-00C04F79EFBC}") = "Authorization.Api", "Authorization.Api\Authorization.Api.csproj", "{3A3E4A44-926A-414F-885D-F53AA8773BE3}"
EndProject
Project("{FAE04EC0-301F-11D3-BF4B-00C04F79EFBC}") = "Authorization.Application", "Authorization.Application\Authorization.Application.csproj", "{9567349D-49CC-44D3-B884-61C77D952FEA}"
EndProject
Project("{2150E333-8FDC-42A3-9474-1A3956D46DE8}") = "Libraries", "Libraries", "{24CE88AE-0A65-4B47-B6A9-33D34F8E90ED}"
EndProject
Project("{FAE04EC0-301F-11D3-BF4B-00C04F79EFBC}") = "Shared", "Shared\Shared.csproj", "{5057E34A-B293-45C8-9F63-470A6E23BB9B}"
EndProject
Project("{FAE04EC0-301F-11D3-BF4B-00C04F79EFBC}") = "Authorization.Domain", "Authorization.Domain\Authorization.Domain.csproj", "{D2A369CD-E5BB-41F5-9A98-23FA18691A78}"
EndProject
Project("{FAE04EC0-301F-11D3-BF4B-00C04F79EFBC}") = "Authorization.Infrastructure", "Authorization.Infrastructure\Authorization.Infrastructure.csproj", "{D75DA45A-E924-4796-B647-E512BC70C673}"
EndProject
Project("{2150E333-8FDC-42A3-9474-1A3956D46DE8}") = "API", "API", "{DDDA7AF2-EC4D-40E1-BCAA-A8624D6C88AA}"
EndProject
Project("{2150E333-8FDC-42A3-9474-1A3956D46DE8}") = "Authorization", "Authorization", "{481EE55F-DC37-43B3-95A5-A6CDAADF2B2D}"
EndProject
Project("{2150E333-8FDC-42A3-9474-1A3956D46DE8}") = "Products", "Products", "{8213CA99-71E1-4714-A810-0CB4B6F2B354}"
EndProject
Project("{FAE04EC0-301F-11D3-BF4B-00C04F79EFBC}") = "Products.Api", "Products.Api\Products.Api.csproj", "{54A6ED38-E321-466F-9591-291A45486940}"
EndProject
Project("{FAE04EC0-301F-11D3-BF4B-00C04F79EFBC}") = "Products.Application", "Products.Application\Products.Application.csproj", "{4B964993-0770-4701-A759-F6715ED43181}"
EndProject
Project("{FAE04EC0-301F-11D3-BF4B-00C04F79EFBC}") = "Products.Domain", "Products.Domain\Products.Domain.csproj", "{EF8B430B-1298-4C9B-8610-194FC8BC9E40}"
EndProject
Project("{FAE04EC0-301F-11D3-BF4B-00C04F79EFBC}") = "Products.Infrastructure", "Products.Infrastructure\Products.Infrastructure.csproj", "{7D57D872-2465-47A0-A6AA-0C3EC7BBA282}"
EndProject
Global
	GlobalSection(SolutionConfigurationPlatforms) = preSolution
		Debug|Any CPU = Debug|Any CPU
		Release|Any CPU = Release|Any CPU
	EndGlobalSection
	GlobalSection(ProjectConfigurationPlatforms) = postSolution
		{3A3E4A44-926A-414F-885D-F53AA8773BE3}.Debug|Any CPU.ActiveCfg = Debug|Any CPU
		{3A3E4A44-926A-414F-885D-F53AA8773BE3}.Debug|Any CPU.Build.0 = Debug|Any CPU
		{3A3E4A44-926A-414F-885D-F53AA8773BE3}.Release|Any CPU.ActiveCfg = Release|Any CPU
		{3A3E4A44-926A-414F-885D-F53AA8773BE3}.Release|Any CPU.Build.0 = Release|Any CPU
		{9567349D-49CC-44D3-B884-61C77D952FEA}.Debug|Any CPU.ActiveCfg = Debug|Any CPU
		{9567349D-49CC-44D3-B884-61C77D952FEA}.Debug|Any CPU.Build.0 = Debug|Any CPU
		{9567349D-49CC-44D3-B884-61C77D952FEA}.Release|Any CPU.ActiveCfg = Release|Any CPU
		{9567349D-49CC-44D3-B884-61C77D952FEA}.Release|Any CPU.Build.0 = Release|Any CPU
		{5057E34A-B293-45C8-9F63-470A6E23BB9B}.Debug|Any CPU.ActiveCfg = Debug|Any CPU
		{5057E34A-B293-45C8-9F63-470A6E23BB9B}.Debug|Any CPU.Build.0 = Debug|Any CPU
		{5057E34A-B293-45C8-9F63-470A6E23BB9B}.Release|Any CPU.ActiveCfg = Release|Any CPU
		{5057E34A-B293-45C8-9F63-470A6E23BB9B}.Release|Any CPU.Build.0 = Release|Any CPU
		{D2A369CD-E5BB-41F5-9A98-23FA18691A78}.Debug|Any CPU.ActiveCfg = Debug|Any CPU
		{D2A369CD-E5BB-41F5-9A98-23FA18691A78}.Debug|Any CPU.Build.0 = Debug|Any CPU
		{D2A369CD-E5BB-41F5-9A98-23FA18691A78}.Release|Any CPU.ActiveCfg = Release|Any CPU
		{D2A369CD-E5BB-41F5-9A98-23FA18691A78}.Release|Any CPU.Build.0 = Release|Any CPU
		{D75DA45A-E924-4796-B647-E512BC70C673}.Debug|Any CPU.ActiveCfg = Debug|Any CPU
		{D75DA45A-E924-4796-B647-E512BC70C673}.Debug|Any CPU.Build.0 = Debug|Any CPU
		{D75DA45A-E924-4796-B647-E512BC70C673}.Release|Any CPU.ActiveCfg = Release|Any CPU
		{D75DA45A-E924-4796-B647-E512BC70C673}.Release|Any CPU.Build.0 = Release|Any CPU
		{54A6ED38-E321-466F-9591-291A45486940}.Debug|Any CPU.ActiveCfg = Debug|Any CPU
		{54A6ED38-E321-466F-9591-291A45486940}.Debug|Any CPU.Build.0 = Debug|Any CPU
		{54A6ED38-E321-466F-9591-291A45486940}.Release|Any CPU.ActiveCfg = Release|Any CPU
		{54A6ED38-E321-466F-9591-291A45486940}.Release|Any CPU.Build.0 = Release|Any CPU
		{4B964993-0770-4701-A759-F6715ED43181}.Debug|Any CPU.ActiveCfg = Debug|Any CPU
		{4B964993-0770-4701-A759-F6715ED43181}.Debug|Any CPU.Build.0 = Debug|Any CPU
		{4B964993-0770-4701-A759-F6715ED43181}.Release|Any CPU.ActiveCfg = Release|Any CPU
		{4B964993-0770-4701-A759-F6715ED43181}.Release|Any CPU.Build.0 = Release|Any CPU
		{EF8B430B-1298-4C9B-8610-194FC8BC9E40}.Debug|Any CPU.ActiveCfg = Debug|Any CPU
		{EF8B430B-1298-4C9B-8610-194FC8BC9E40}.Debug|Any CPU.Build.0 = Debug|Any CPU
		{EF8B430B-1298-4C9B-8610-194FC8BC9E40}.Release|Any CPU.ActiveCfg = Release|Any CPU
		{EF8B430B-1298-4C9B-8610-194FC8BC9E40}.Release|Any CPU.Build.0 = Release|Any CPU
		{7D57D872-2465-47A0-A6AA-0C3EC7BBA282}.Debug|Any CPU.ActiveCfg = Debug|Any CPU
		{7D57D872-2465-47A0-A6AA-0C3EC7BBA282}.Debug|Any CPU.Build.0 = Debug|Any CPU
		{7D57D872-2465-47A0-A6AA-0C3EC7BBA282}.Release|Any CPU.ActiveCfg = Release|Any CPU
		{7D57D872-2465-47A0-A6AA-0C3EC7BBA282}.Release|Any CPU.Build.0 = Release|Any CPU
	EndGlobalSection
	GlobalSection(NestedProjects) = preSolution
		{5057E34A-B293-45C8-9F63-470A6E23BB9B} = {24CE88AE-0A65-4B47-B6A9-33D34F8E90ED}
		{481EE55F-DC37-43B3-95A5-A6CDAADF2B2D} = {DDDA7AF2-EC4D-40E1-BCAA-A8624D6C88AA}
		{3A3E4A44-926A-414F-885D-F53AA8773BE3} = {481EE55F-DC37-43B3-95A5-A6CDAADF2B2D}
		{9567349D-49CC-44D3-B884-61C77D952FEA} = {481EE55F-DC37-43B3-95A5-A6CDAADF2B2D}
		{D2A369CD-E5BB-41F5-9A98-23FA18691A78} = {481EE55F-DC37-43B3-95A5-A6CDAADF2B2D}
		{D75DA45A-E924-4796-B647-E512BC70C673} = {481EE55F-DC37-43B3-95A5-A6CDAADF2B2D}
		{8213CA99-71E1-4714-A810-0CB4B6F2B354} = {DDDA7AF2-EC4D-40E1-BCAA-A8624D6C88AA}
		{54A6ED38-E321-466F-9591-291A45486940} = {8213CA99-71E1-4714-A810-0CB4B6F2B354}
		{4B964993-0770-4701-A759-F6715ED43181} = {8213CA99-71E1-4714-A810-0CB4B6F2B354}
		{EF8B430B-1298-4C9B-8610-194FC8BC9E40} = {8213CA99-71E1-4714-A810-0CB4B6F2B354}
		{7D57D872-2465-47A0-A6AA-0C3EC7BBA282} = {8213CA99-71E1-4714-A810-0CB4B6F2B354}
	EndGlobalSection
EndGlobal
